
Microsoft Visual Studio Solution File, Format Version 12.00
Project("{FAE04EC0-301F-11D3-BF4B-00C04F79EFBC}") = "CandyShop", "CandyShop\CandyShop.csproj", "{54E6626F-4D8E-4AE7-A0FE-2CE3A8745842}"
EndProject
Global
	GlobalSection(SolutionConfigurationPlatforms) = preSolution
		Debug|Any CPU = Debug|Any CPU
		Release|Any CPU = Release|Any CPU
	EndGlobalSection
	GlobalSection(ProjectConfigurationPlatforms) = postSolution
		{54E6626F-4D8E-4AE7-A0FE-2CE3A8745842}.Debug|Any CPU.ActiveCfg = Debug|Any CPU
		{54E6626F-4D8E-4AE7-A0FE-2CE3A8745842}.Debug|Any CPU.Build.0 = Debug|Any CPU
		{54E6626F-4D8E-4AE7-A0FE-2CE3A8745842}.Release|Any CPU.ActiveCfg = Release|Any CPU
		{54E6626F-4D8E-4AE7-A0FE-2CE3A8745842}.Release|Any CPU.Build.0 = Release|Any CPU
	EndGlobalSection
EndGlobal
